PODS:
  - FMDB (2.4):
    - FMDB/standard
  - FMDB/common (2.4)
  - FMDB/standard (2.4):
    - FMDB/common
  - MBProgressHUD (0.9)
  - SSZipArchive (0.3.2)

DEPENDENCIES:
  - FMDB (= 2.4)
  - MBProgressHUD (= 0.9)
  - SSZipArchive (= 0.3.2)

SPEC CHECKSUMS:
  FMDB: 0b2fa25e5264ef177973c0cb8c02c711107979aa
  MBProgressHUD: 2038dbcf3dce73215abed6001657043d53aa79a8
  SSZipArchive: 11299a4e89821bd4085b12f25edaa85853e0051c

COCOAPODS: 0.34.4
